
Microsoft Visual Studio Solution File, Format Version 12.00
# Visual Studio Version 16
VisualStudioVersion = 16.0.31729.503
MinimumVisualStudioVersion = 10.0.40219.1
Project("{9A19103F-16F7-4668-BE54-9A1E7A4F7556}") = "API", "Luna\API.csproj", "{BE6D7F1D-29C4-4BF3-B492-56A8ED87EBB7}"
EndProject
Project("{FAE04EC0-301F-11D3-BF4B-00C04F79EFBC}") = "Core", "Core\Core.csproj", "{1CAB9753-1418-40B5-9C10-C0A2A1561703}"
EndProject
Project("{FAE04EC0-301F-11D3-BF4B-00C04F79EFBC}") = "Infrastructure", "Infrastructure\Infrastructure.csproj", "{E74DECA3-EC5A-4F93-9E7C-DD49847E81C8}"
EndProject
Global
	GlobalSection(SolutionConfigurationPlatforms) = preSolution
		Debug|Any CPU = Debug|Any CPU
		Release|Any CPU = Release|Any CPU
	EndGlobalSection
	GlobalSection(ProjectConfigurationPlatforms) = postSolution
		{BE6D7F1D-29C4-4BF3-B492-56A8ED87EBB7}.Debug|Any CPU.ActiveCfg = Debug|Any CPU
		{BE6D7F1D-29C4-4BF3-B492-56A8ED87EBB7}.Debug|Any CPU.Build.0 = Debug|Any CPU
		{BE6D7F1D-29C4-4BF3-B492-56A8ED87EBB7}.Release|Any CPU.ActiveCfg = Release|Any CPU
		{BE6D7F1D-29C4-4BF3-B492-56A8ED87EBB7}.Release|Any CPU.Build.0 = Release|Any CPU
		{1CAB9753-1418-40B5-9C10-C0A2A1561703}.Debug|Any CPU.ActiveCfg = Debug|Any CPU
		{1CAB9753-1418-40B5-9C10-C0A2A1561703}.Debug|Any CPU.Build.0 = Debug|Any CPU
		{1CAB9753-1418-40B5-9C10-C0A2A1561703}.Release|Any CPU.ActiveCfg = Release|Any CPU
		{1CAB9753-1418-40B5-9C10-C0A2A1561703}.Release|Any CPU.Build.0 = Release|Any CPU
		{E74DECA3-EC5A-4F93-9E7C-DD49847E81C8}.Debug|Any CPU.ActiveCfg = Debug|Any CPU
		{E74DECA3-EC5A-4F93-9E7C-DD49847E81C8}.Debug|Any CPU.Build.0 = Debug|Any CPU
		{E74DECA3-EC5A-4F93-9E7C-DD49847E81C8}.Release|Any CPU.ActiveCfg = Release|Any CPU
		{E74DECA3-EC5A-4F93-9E7C-DD49847E81C8}.Release|Any CPU.Build.0 = Release|Any CPU
	EndGlobalSection
	GlobalSection(SolutionProperties) = preSolution
		HideSolutionNode = FALSE
	EndGlobalSection
	GlobalSection(ExtensibilityGlobals) = postSolution
		SolutionGuid = {026A0379-8DF1-4937-91A0-ABA51FFD6A07}
	EndGlobalSection
EndGlobal
